
Microsoft Visual Studio Solution File, Format Version 12.00
# Visual Studio Version 16
VisualStudioVersion = 16.0.29209.62
MinimumVisualStudioVersion = 10.0.40219.1
Project("{9A19103F-16F7-4668-BE54-9A1E7A4F7556}") = "YPS.Persistence", "src\YPS.Persistence\YPS.Persistence.csproj", "{5C4DE6CA-699C-4959-8AC5-8163D06C5E5B}"
EndProject
Project("{9A19103F-16F7-4668-BE54-9A1E7A4F7556}") = "YPS.WebUI", "src\YPS.WebUI\YPS.WebUI.csproj", "{E397EE89-5F17-41F6-9247-74BB80993F25}"
EndProject
Project("{9A19103F-16F7-4668-BE54-9A1E7A4F7556}") = "YPS.Domain", "src\YPS.Domain\YPS.Domain.csproj", "{73A16FFF-96A9-4364-9966-1C084E50F6BE}"
EndProject
Project("{9A19103F-16F7-4668-BE54-9A1E7A4F7556}") = "YPS.Application", "src\YPS.Application\YPS.Application.csproj", "{E7DCB96B-542E-4635-8352-C884E8527989}"
EndProject
Project("{9A19103F-16F7-4668-BE54-9A1E7A4F7556}") = "YPS.Infrastructure", "src\YPS.Infrastructure\YPS.Infrastructure.csproj", "{5AF3C46C-9CFC-4881-A252-353AA9B92AFC}"
EndProject
Project("{9A19103F-16F7-4668-BE54-9A1E7A4F7556}") = "YPS.Application.UnitTests", "tests\YPS.Application.UnitTests\YPS.Application.UnitTests.csproj", "{2AF1E63C-9BB6-49F0-918E-41D0BA413C64}"
EndProject
Project("{2150E333-8FDC-42A3-9474-1A3956D46DE8}") = "tests", "tests", "{7B2F3F15-F389-4D73-BAC1-E115BC83C8D5}"
EndProject
Project("{2150E333-8FDC-42A3-9474-1A3956D46DE8}") = "src", "src", "{F7575AE5-3CBA-43BF-AB63-46176A5C70F6}"
EndProject
Global
	GlobalSection(SolutionConfigurationPlatforms) = preSolution
		Debug|Any CPU = Debug|Any CPU
		Release|Any CPU = Release|Any CPU
	EndGlobalSection
	GlobalSection(ProjectConfigurationPlatforms) = postSolution
		{5C4DE6CA-699C-4959-8AC5-8163D06C5E5B}.Debug|Any CPU.ActiveCfg = Debug|Any CPU
		{5C4DE6CA-699C-4959-8AC5-8163D06C5E5B}.Debug|Any CPU.Build.0 = Debug|Any CPU
		{5C4DE6CA-699C-4959-8AC5-8163D06C5E5B}.Release|Any CPU.ActiveCfg = Release|Any CPU
		{5C4DE6CA-699C-4959-8AC5-8163D06C5E5B}.Release|Any CPU.Build.0 = Release|Any CPU
		{E397EE89-5F17-41F6-9247-74BB80993F25}.Debug|Any CPU.ActiveCfg = Debug|Any CPU
		{E397EE89-5F17-41F6-9247-74BB80993F25}.Debug|Any CPU.Build.0 = Debug|Any CPU
		{E397EE89-5F17-41F6-9247-74BB80993F25}.Release|Any CPU.ActiveCfg = Release|Any CPU
		{E397EE89-5F17-41F6-9247-74BB80993F25}.Release|Any CPU.Build.0 = Release|Any CPU
		{73A16FFF-96A9-4364-9966-1C084E50F6BE}.Debug|Any CPU.ActiveCfg = Debug|Any CPU
		{73A16FFF-96A9-4364-9966-1C084E50F6BE}.Debug|Any CPU.Build.0 = Debug|Any CPU
		{73A16FFF-96A9-4364-9966-1C084E50F6BE}.Release|Any CPU.ActiveCfg = Release|Any CPU
		{73A16FFF-96A9-4364-9966-1C084E50F6BE}.Release|Any CPU.Build.0 = Release|Any CPU
		{E7DCB96B-542E-4635-8352-C884E8527989}.Debug|Any CPU.ActiveCfg = Debug|Any CPU
		{E7DCB96B-542E-4635-8352-C884E8527989}.Debug|Any CPU.Build.0 = Debug|Any CPU
		{E7DCB96B-542E-4635-8352-C884E8527989}.Release|Any CPU.ActiveCfg = Release|Any CPU
		{E7DCB96B-542E-4635-8352-C884E8527989}.Release|Any CPU.Build.0 = Release|Any CPU
		{5AF3C46C-9CFC-4881-A252-353AA9B92AFC}.Debug|Any CPU.ActiveCfg = Debug|Any CPU
		{5AF3C46C-9CFC-4881-A252-353AA9B92AFC}.Debug|Any CPU.Build.0 = Debug|Any CPU
		{5AF3C46C-9CFC-4881-A252-353AA9B92AFC}.Release|Any CPU.ActiveCfg = Release|Any CPU
		{5AF3C46C-9CFC-4881-A252-353AA9B92AFC}.Release|Any CPU.Build.0 = Release|Any CPU
		{2AF1E63C-9BB6-49F0-918E-41D0BA413C64}.Debug|Any CPU.ActiveCfg = Debug|Any CPU
		{2AF1E63C-9BB6-49F0-918E-41D0BA413C64}.Debug|Any CPU.Build.0 = Debug|Any CPU
		{2AF1E63C-9BB6-49F0-918E-41D0BA413C64}.Release|Any CPU.ActiveCfg = Release|Any CPU
		{2AF1E63C-9BB6-49F0-918E-41D0BA413C64}.Release|Any CPU.Build.0 = Release|Any CPU
	EndGlobalSection
	GlobalSection(SolutionProperties) = preSolution
		HideSolutionNode = FALSE
	EndGlobalSection
	GlobalSection(NestedProjects) = preSolution
		{5C4DE6CA-699C-4959-8AC5-8163D06C5E5B} = {F7575AE5-3CBA-43BF-AB63-46176A5C70F6}
		{E397EE89-5F17-41F6-9247-74BB80993F25} = {F7575AE5-3CBA-43BF-AB63-46176A5C70F6}
		{73A16FFF-96A9-4364-9966-1C084E50F6BE} = {F7575AE5-3CBA-43BF-AB63-46176A5C70F6}
		{E7DCB96B-542E-4635-8352-C884E8527989} = {F7575AE5-3CBA-43BF-AB63-46176A5C70F6}
		{5AF3C46C-9CFC-4881-A252-353AA9B92AFC} = {F7575AE5-3CBA-43BF-AB63-46176A5C70F6}
		{2AF1E63C-9BB6-49F0-918E-41D0BA413C64} = {7B2F3F15-F389-4D73-BAC1-E115BC83C8D5}
	EndGlobalSection
	GlobalSection(ExtensibilityGlobals) = postSolution
		SolutionGuid = {C0D8C564-5E70-40C2-89B3-E13900A40E28}
	EndGlobalSection
EndGlobal
