
Microsoft Visual Studio Solution File, Format Version 12.00
# Visual Studio Version 16
VisualStudioVersion = 16.0.29209.62
MinimumVisualStudioVersion = 10.0.40219.1
Project("{2150E333-8FDC-42A3-9474-1A3956D46DE8}") = "Presentation", "Presentation", "{6A7A6A1A-9008-40E2-96E9-ECB832238BAD}"
EndProject
Project("{2150E333-8FDC-42A3-9474-1A3956D46DE8}") = "Infrastructure", "Infrastructure", "{5CD2498D-EE0B-4A7D-B26C-E6356045E69D}"
EndProject
Project("{2150E333-8FDC-42A3-9474-1A3956D46DE8}") = "Core", "Core", "{727145F3-FDA8-4E94-BAFD-5AA18CB0FEA7}"
EndProject
Project("{9A19103F-16F7-4668-BE54-9A1E7A4F7556}") = "YPS.Persistence", "src\YPS.Persistence\YPS.Persistence.csproj", "{5C4DE6CA-699C-4959-8AC5-8163D06C5E5B}"
EndProject
Project("{9A19103F-16F7-4668-BE54-9A1E7A4F7556}") = "YPS.WebUI", "src\YPS.WebUI\YPS.WebUI.csproj", "{E397EE89-5F17-41F6-9247-74BB80993F25}"
EndProject
Project("{9A19103F-16F7-4668-BE54-9A1E7A4F7556}") = "YPS.Infrastracture", "src\YPS.Infrastracture\YPS.Infrastracture.csproj", "{FCC9DC0A-73B6-4884-8673-FC2DFBE0F634}"
EndProject
Project("{9A19103F-16F7-4668-BE54-9A1E7A4F7556}") = "YPS.Domain", "src\YPS.Domain\YPS.Domain.csproj", "{73A16FFF-96A9-4364-9966-1C084E50F6BE}"
EndProject
Project("{FAE04EC0-301F-11D3-BF4B-00C04F79EFBC}") = "YPS.Application", "src\YPS.Application\YPS.Application.csproj", "{E7DCB96B-542E-4635-8352-C884E8527989}"
EndProject
Global
	GlobalSection(SolutionConfigurationPlatforms) = preSolution
		Debug|Any CPU = Debug|Any CPU
		Release|Any CPU = Release|Any CPU
	EndGlobalSection
	GlobalSection(ProjectConfigurationPlatforms) = postSolution
		{5C4DE6CA-699C-4959-8AC5-8163D06C5E5B}.Debug|Any CPU.ActiveCfg = Debug|Any CPU
		{5C4DE6CA-699C-4959-8AC5-8163D06C5E5B}.Debug|Any CPU.Build.0 = Debug|Any CPU
		{5C4DE6CA-699C-4959-8AC5-8163D06C5E5B}.Release|Any CPU.ActiveCfg = Release|Any CPU
		{5C4DE6CA-699C-4959-8AC5-8163D06C5E5B}.Release|Any CPU.Build.0 = Release|Any CPU
		{E397EE89-5F17-41F6-9247-74BB80993F25}.Debug|Any CPU.ActiveCfg = Debug|Any CPU
		{E397EE89-5F17-41F6-9247-74BB80993F25}.Debug|Any CPU.Build.0 = Debug|Any CPU
		{E397EE89-5F17-41F6-9247-74BB80993F25}.Release|Any CPU.ActiveCfg = Release|Any CPU
		{E397EE89-5F17-41F6-9247-74BB80993F25}.Release|Any CPU.Build.0 = Release|Any CPU
		{FCC9DC0A-73B6-4884-8673-FC2DFBE0F634}.Debug|Any CPU.ActiveCfg = Debug|Any CPU
		{FCC9DC0A-73B6-4884-8673-FC2DFBE0F634}.Debug|Any CPU.Build.0 = Debug|Any CPU
		{FCC9DC0A-73B6-4884-8673-FC2DFBE0F634}.Release|Any CPU.ActiveCfg = Release|Any CPU
		{FCC9DC0A-73B6-4884-8673-FC2DFBE0F634}.Release|Any CPU.Build.0 = Release|Any CPU
		{73A16FFF-96A9-4364-9966-1C084E50F6BE}.Debug|Any CPU.ActiveCfg = Debug|Any CPU
		{73A16FFF-96A9-4364-9966-1C084E50F6BE}.Debug|Any CPU.Build.0 = Debug|Any CPU
		{73A16FFF-96A9-4364-9966-1C084E50F6BE}.Release|Any CPU.ActiveCfg = Release|Any CPU
		{73A16FFF-96A9-4364-9966-1C084E50F6BE}.Release|Any CPU.Build.0 = Release|Any CPU
		{E7DCB96B-542E-4635-8352-C884E8527989}.Debug|Any CPU.ActiveCfg = Debug|Any CPU
		{E7DCB96B-542E-4635-8352-C884E8527989}.Debug|Any CPU.Build.0 = Debug|Any CPU
		{E7DCB96B-542E-4635-8352-C884E8527989}.Release|Any CPU.ActiveCfg = Release|Any CPU
		{E7DCB96B-542E-4635-8352-C884E8527989}.Release|Any CPU.Build.0 = Release|Any CPU
	EndGlobalSection
	GlobalSection(SolutionProperties) = preSolution
		HideSolutionNode = FALSE
	EndGlobalSection
	GlobalSection(NestedProjects) = preSolution
		{5C4DE6CA-699C-4959-8AC5-8163D06C5E5B} = {5CD2498D-EE0B-4A7D-B26C-E6356045E69D}
		{E397EE89-5F17-41F6-9247-74BB80993F25} = {6A7A6A1A-9008-40E2-96E9-ECB832238BAD}
		{FCC9DC0A-73B6-4884-8673-FC2DFBE0F634} = {5CD2498D-EE0B-4A7D-B26C-E6356045E69D}
		{73A16FFF-96A9-4364-9966-1C084E50F6BE} = {727145F3-FDA8-4E94-BAFD-5AA18CB0FEA7}
		{E7DCB96B-542E-4635-8352-C884E8527989} = {727145F3-FDA8-4E94-BAFD-5AA18CB0FEA7}
	EndGlobalSection
	GlobalSection(ExtensibilityGlobals) = postSolution
		SolutionGuid = {C0D8C564-5E70-40C2-89B3-E13900A40E28}
	EndGlobalSection
EndGlobal
